
Microsoft Visual Studio Solution File, Format Version 12.00
# Visual Studio Version 16
VisualStudioVersion = 16.0.30330.147
MinimumVisualStudioVersion = 10.0.40219.1
Project("{FAE04EC0-301F-11D3-BF4B-00C04F79EFBC}") = "Polymorphism", "Polymorphism\Polymorphism.csproj", "{CC7639CB-57DD-469F-9000-0DB7FF15969C}"
EndProject
Global
	GlobalSection(SolutionConfigurationPlatforms) = preSolution
		Debug|Any CPU = Debug|Any CPU
		Release|Any CPU = Release|Any CPU
	EndGlobalSection
	GlobalSection(ProjectConfigurationPlatforms) = postSolution
		{CC7639CB-57DD-469F-9000-0DB7FF15969C}.Debug|Any CPU.ActiveCfg = Debug|Any CPU
		{CC7639CB-57DD-469F-9000-0DB7FF15969C}.Debug|Any CPU.Build.0 = Debug|Any CPU
		{CC7639CB-57DD-469F-9000-0DB7FF15969C}.Release|Any CPU.ActiveCfg = Release|Any CPU
		{CC7639CB-57DD-469F-9000-0DB7FF15969C}.Release|Any CPU.Build.0 = Release|Any CPU
	EndGlobalSection
	GlobalSection(SolutionProperties) = preSolution
		HideSolutionNode = FALSE
	EndGlobalSection
	GlobalSection(ExtensibilityGlobals) = postSolution
		SolutionGuid = {59C47EC5-F267-43A8-990B-06709A58D750}
	EndGlobalSection
EndGlobal
